
Microsoft Visual Studio Solution File, Format Version 12.00
# Visual Studio Version 17
VisualStudioVersion = 17.4.33205.214
MinimumVisualStudioVersion = 10.0.40219.1
Project("{FAE04EC0-301F-11D3-BF4B-00C04F79EFBC}") = "AgendaWebApi", "AgendaWebApi\AgendaWebApi.csproj", "{90F5E433-6DF0-4B53-BB70-4283FB808CA5}"
EndProject
Global
	GlobalSection(SolutionConfigurationPlatforms) = preSolution
		Debug|Any CPU = Debug|Any CPU
		Release|Any CPU = Release|Any CPU
	EndGlobalSection
	GlobalSection(ProjectConfigurationPlatforms) = postSolution
		{90F5E433-6DF0-4B53-BB70-4283FB808CA5}.Debug|Any CPU.ActiveCfg = Debug|Any CPU
		{90F5E433-6DF0-4B53-BB70-4283FB808CA5}.Debug|Any CPU.Build.0 = Debug|Any CPU
		{90F5E433-6DF0-4B53-BB70-4283FB808CA5}.Release|Any CPU.ActiveCfg = Release|Any CPU
		{90F5E433-6DF0-4B53-BB70-4283FB808CA5}.Release|Any CPU.Build.0 = Release|Any CPU
	EndGlobalSection
	GlobalSection(SolutionProperties) = preSolution
		HideSolutionNode = FALSE
	EndGlobalSection
	GlobalSection(ExtensibilityGlobals) = postSolution
		SolutionGuid = {022C19D2-3920-456F-B20E-322C38D155C9}
	EndGlobalSection
EndGlobal
